// !$*UTF8*$!
{
	archiveVersion = 1;
	classes = {
	};
	objectVersion = 46;
	objects = {

/* Begin PBXBuildFile section */
		60A26EF4CCD99E2F84E6BC2C /* Pods_RLShowRoom.framework in Frameworks */ = {isa = PBXBuildFile; fileRef = EEB559EA5060C5D622359D9D /* Pods_RLShowRoom.framework */; };
		69198A741D984C5E0031C25C /* RadioLine CRM-0f6c545de261.json in Resources */ = {isa = PBXBuildFile; fileRef = 69198A731D984C5E0031C25C /* RadioLine CRM-0f6c545de261.json */; };
		6978CE651D955D3A00ED0E9A /* Exo2-ThinCondensed.otf in Resources */ = {isa = PBXBuildFile; fileRef = 6978CE641D955CB700ED0E9A /* Exo2-ThinCondensed.otf */; };
		698C25E81D97A3E8008F9437 /* StoreKit.framework in Frameworks */ = {isa = PBXBuildFile; fileRef = 698C25E71D97A3E8008F9437 /* StoreKit.framework */; };
		698C25EA1D97A3F3008F9437 /* SystemConfiguration.framework in Frameworks */ = {isa = PBXBuildFile; fileRef = 698C25E91D97A3F3008F9437 /* SystemConfiguration.framework */; };
		698C25EC1D97A3FD008F9437 /* AddressBook.framework in Frameworks */ = {isa = PBXBuildFile; fileRef = 698C25EB1D97A3FD008F9437 /* AddressBook.framework */; };
		69B792581D9A919E007D6DF4 /* GoogleService-Info.plist in Resources */ = {isa = PBXBuildFile; fileRef = 69B792571D9A919E007D6DF4 /* GoogleService-Info.plist */; };
		69B7925A1D9A91AC007D6DF4 /* GoogleService-Info.plist in Resources */ = {isa = PBXBuildFile; fileRef = 69B792591D9A91AC007D6DF4 /* GoogleService-Info.plist */; };
		69E8C7CA1D8C3DC50092F741 /* AppDelegate.swift in Sources */ = {isa = PBXBuildFile; fileRef = 69E8C7C91D8C3DC50092F741 /* AppDelegate.swift */; };
		69E8C7CC1D8C3DC50092F741 /* LoginViewController.swift in Sources */ = {isa = PBXBuildFile; fileRef = 69E8C7CB1D8C3DC50092F741 /* LoginViewController.swift */; };
		69E8C7CF1D8C3DC50092F741 /* Main.storyboard in Resources */ = {isa = PBXBuildFile; fileRef = 69E8C7CD1D8C3DC50092F741 /* Main.storyboard */; };
		69E8C7D11D8C3DC50092F741 /* Assets.xcassets in Resources */ = {isa = PBXBuildFile; fileRef = 69E8C7D01D8C3DC50092F741 /* Assets.xcassets */; };
		69E8C7D41D8C3DC50092F741 /* LaunchScreen.storyboard in Resources */ = {isa = PBXBuildFile; fileRef = 69E8C7D21D8C3DC50092F741 /* LaunchScreen.storyboard */; };
		69E8C7DF1D8C3DC50092F741 /* RLShowRoomTests.swift in Sources */ = {isa = PBXBuildFile; fileRef = 69E8C7DE1D8C3DC50092F741 /* RLShowRoomTests.swift */; };
		69FEF8AC1D9648DB00B4E742 /* SwiftExtensions.swift in Sources */ = {isa = PBXBuildFile; fileRef = 69FEF8AB1D9648DB00B4E742 /* SwiftExtensions.swift */; };
		69FEF8AD1D9677AE00B4E742 /* Exo2-BlackCondensed.otf in Resources */ = {isa = PBXBuildFile; fileRef = 69FEF8991D963DFF00B4E742 /* Exo2-BlackCondensed.otf */; };
		69FEF8AE1D9677AE00B4E742 /* Exo2-BlackExpanded.otf in Resources */ = {isa = PBXBuildFile; fileRef = 69FEF89A1D963DFF00B4E742 /* Exo2-BlackExpanded.otf */; };
		69FEF8AF1D9677AE00B4E742 /* Exo2-BoldCondensed.otf in Resources */ = {isa = PBXBuildFile; fileRef = 69FEF89B1D963DFF00B4E742 /* Exo2-BoldCondensed.otf */; };
		69FEF8B01D9677AE00B4E742 /* Exo2-BoldExpanded.otf in Resources */ = {isa = PBXBuildFile; fileRef = 69FEF89C1D963DFF00B4E742 /* Exo2-BoldExpanded.otf */; };
		69FEF8B11D9677AE00B4E742 /* Exo2-ExtraBoldCondensed.otf in Resources */ = {isa = PBXBuildFile; fileRef = 69FEF89D1D963DFF00B4E742 /* Exo2-ExtraBoldCondensed.otf */; };
		69FEF8B21D9677AE00B4E742 /* Exo2-ExtraBoldExpanded.otf in Resources */ = {isa = PBXBuildFile; fileRef = 69FEF89E1D963DFF00B4E742 /* Exo2-ExtraBoldExpanded.otf */; };
		69FEF8B31D9677AE00B4E742 /* Exo2-ExtraLightCondensed.otf in Resources */ = {isa = PBXBuildFile; fileRef = 69FEF89F1D963DFF00B4E742 /* Exo2-ExtraLightCondensed.otf */; };
		69FEF8B41D9677AE00B4E742 /* Exo2-ExtraLightExpanded.otf in Resources */ = {isa = PBXBuildFile; fileRef = 69FEF8A01D963DFF00B4E742 /* Exo2-ExtraLightExpanded.otf */; };
		69FEF8B51D9677AE00B4E742 /* Exo2-LightCondensed.otf in Resources */ = {isa = PBXBuildFile; fileRef = 69FEF8A11D963DFF00B4E742 /* Exo2-LightCondensed.otf */; };
		69FEF8B61D9677AE00B4E742 /* Exo2-LightExpanded.otf in Resources */ = {isa = PBXBuildFile; fileRef = 69FEF8A21D963DFF00B4E742 /* Exo2-LightExpanded.otf */; };
		69FEF8B71D9677AE00B4E742 /* Exo2-MediumCondensed.otf in Resources */ = {isa = PBXBuildFile; fileRef = 69FEF8A31D963DFF00B4E742 /* Exo2-MediumCondensed.otf */; };
		69FEF8B81D9677AE00B4E742 /* Exo2-MediumExpanded.otf in Resources */ = {isa = PBXBuildFile; fileRef = 69FEF8A41D963DFF00B4E742 /* Exo2-MediumExpanded.otf */; };
		69FEF8B91D9677AE00B4E742 /* Exo2-RegularCondensed.otf in Resources */ = {isa = PBXBuildFile; fileRef = 69FEF8A51D963DFF00B4E742 /* Exo2-RegularCondensed.otf */; };
		69FEF8BA1D9677AE00B4E742 /* Exo2-RegularExpanded.otf in Resources */ = {isa = PBXBuildFile; fileRef = 69FEF8A61D963DFF00B4E742 /* Exo2-RegularExpanded.otf */; };
		69FEF8BB1D9677AE00B4E742 /* Exo2-SemiBoldCondensed.otf in Resources */ = {isa = PBXBuildFile; fileRef = 69FEF8A71D963DFF00B4E742 /* Exo2-SemiBoldCondensed.otf */; };
		69FEF8BC1D9677AE00B4E742 /* Exo2-SemiBoldExpanded.otf in Resources */ = {isa = PBXBuildFile; fileRef = 69FEF8A81D963DFF00B4E742 /* Exo2-SemiBoldExpanded.otf */; };
		69FEF8BD1D9677AE00B4E742 /* Exo2-ThinExpanded.otf in Resources */ = {isa = PBXBuildFile; fileRef = 69FEF8AA1D963DFF00B4E742 /* Exo2-ThinExpanded.otf */; };
		69FEF8BE1D9677AE00B4E742 /* Exo2-BlackCondensed.otf in Resources */ = {isa = PBXBuildFile; fileRef = 69FEF8981D963DE400B4E742 /* Exo2-BlackCondensed.otf */; };
		755A1554B84BD2F970FBFBDE /* Pods_RLShowRoomTests.framework in Frameworks */ = {isa = PBXBuildFile; fileRef = 5DB0371E62AB7D64A00CEB65 /* Pods_RLShowRoomTests.framework */; };
/* End PBXBuildFile section */

/* Begin PBXContainerItemProxy section */
		69E8C7DB1D8C3DC50092F741 /* PBXContainerItemProxy */ = {
			isa = PBXContainerItemProxy;
			containerPortal = 69E8C7BE1D8C3DC50092F741 /* Project object */;
			proxyType = 1;
			remoteGlobalIDString = 69E8C7C51D8C3DC50092F741;
			remoteInfo = RLShowRoom;
		};
/* End PBXContainerItemProxy section */

/* Begin PBXFileReference section */
		30AB5384D4CB3D1B92488911 /* Pods-RLShowRoom.debug.xcconfig */ = {isa = PBXFileReference; includeInIndex = 1; lastKnownFileType = text.xcconfig; name = "Pods-RLShowRoom.debug.xcconfig"; path = "Pods/Target Support Files/Pods-RLShowRoom/Pods-RLShowRoom.debug.xcconfig"; sourceTree = "<group>"; };
		5DB0371E62AB7D64A00CEB65 /* Pods_RLShowRoomTests.framework */ = {isa = PBXFileReference; explicitFileType = wrapper.framework; includeInIndex = 0; path = Pods_RLShowRoomTests.framework; sourceTree = BUILT_PRODUCTS_DIR; };
		69198A6F1D9842DE0031C25C /* FBSDKCoreKit.framework */ = {isa = PBXFileReference; lastKnownFileType = wrapper.framework; name = FBSDKCoreKit.framework; path = "Pods/../build/Debug-iphoneos/FBSDKCoreKit/FBSDKCoreKit.framework"; sourceTree = "<group>"; };
		69198A701D9842DE0031C25C /* FBSDKLoginKit.framework */ = {isa = PBXFileReference; lastKnownFileType = wrapper.framework; name = FBSDKLoginKit.framework; path = "Pods/../build/Debug-iphoneos/FBSDKLoginKit/FBSDKLoginKit.framework"; sourceTree = "<group>"; };
		69198A731D984C5E0031C25C /* RadioLine CRM-0f6c545de261.json */ = {isa = PBXFileReference; fileEncoding = 4; lastKnownFileType = text.json; path = "RadioLine CRM-0f6c545de261.json"; sourceTree = "<group>"; };
		6978CE641D955CB700ED0E9A /* Exo2-ThinCondensed.otf */ = {isa = PBXFileReference; lastKnownFileType = file; path = "Exo2-ThinCondensed.otf"; sourceTree = "<group>"; };
		698C25E61D97A0BA008F9437 /* RLShowRoom-Bridging-Header.h */ = {isa = PBXFileReference; lastKnownFileType = sourcecode.c.h; path = "RLShowRoom-Bridging-Header.h"; sourceTree = "<group>"; };
		698C25E71D97A3E8008F9437 /* StoreKit.framework */ = {isa = PBXFileReference; lastKnownFileType = wrapper.framework; name = StoreKit.framework; path = System/Library/Frameworks/StoreKit.framework; sourceTree = SDKROOT; };
		698C25E91D97A3F3008F9437 /* SystemConfiguration.framework */ = {isa = PBXFileReference; lastKnownFileType = wrapper.framework; name = SystemConfiguration.framework; path = System/Library/Frameworks/SystemConfiguration.framework; sourceTree = SDKROOT; };
		698C25EB1D97A3FD008F9437 /* AddressBook.framework */ = {isa = PBXFileReference; lastKnownFileType = wrapper.framework; name = AddressBook.framework; path = System/Library/Frameworks/AddressBook.framework; sourceTree = SDKROOT; };
		69B792541D993F15007D6DF4 /* RLShowRoom.entitlements */ = {isa = PBXFileReference; lastKnownFileType = text.plist.entitlements; path = RLShowRoom.entitlements; sourceTree = "<group>"; };
		69B792571D9A919E007D6DF4 /* GoogleService-Info.plist */ = {isa = PBXFileReference; fileEncoding = 4; lastKnownFileType = text.plist.xml; path = "GoogleService-Info.plist"; sourceTree = "<group>"; };
		69B792591D9A91AC007D6DF4 /* GoogleService-Info.plist */ = {isa = PBXFileReference; fileEncoding = 4; lastKnownFileType = text.plist.xml; name = "GoogleService-Info.plist"; path = "../../../../Downloads/GoogleService-Info.plist"; sourceTree = "<group>"; };
		69E8C7C61D8C3DC50092F741 /* RLShowRoom.app */ = {isa = PBXFileReference; explicitFileType = wrapper.application; includeInIndex = 0; path = RLShowRoom.app; sourceTree = BUILT_PRODUCTS_DIR; };
		69E8C7C91D8C3DC50092F741 /* AppDelegate.swift */ = {isa = PBXFileReference; lastKnownFileType = sourcecode.swift; path = AppDelegate.swift; sourceTree = "<group>"; };
		69E8C7CB1D8C3DC50092F741 /* LoginViewController.swift */ = {isa = PBXFileReference; lastKnownFileType = sourcecode.swift; path = LoginViewController.swift; sourceTree = "<group>"; };
		69E8C7CE1D8C3DC50092F741 /* Base */ = {isa = PBXFileReference; lastKnownFileType = file.storyboard; name = Base; path = Base.lproj/Main.storyboard; sourceTree = "<group>"; };
		69E8C7D01D8C3DC50092F741 /* Assets.xcassets */ = {isa = PBXFileReference; lastKnownFileType = folder.assetcatalog; path = Assets.xcassets; sourceTree = "<group>"; };
		69E8C7D31D8C3DC50092F741 /* Base */ = {isa = PBXFileReference; lastKnownFileType = file.storyboard; name = Base; path = Base.lproj/LaunchScreen.storyboard; sourceTree = "<group>"; };
		69E8C7D51D8C3DC50092F741 /* Info.plist */ = {isa = PBXFileReference; lastKnownFileType = text.plist.xml; path = Info.plist; sourceTree = "<group>"; };
		69E8C7DA1D8C3DC50092F741 /* RLShowRoomTests.xctest */ = {isa = PBXFileReference; explicitFileType = wrapper.cfbundle; includeInIndex = 0; path = RLShowRoomTests.xctest; sourceTree = BUILT_PRODUCTS_DIR; };
		69E8C7DE1D8C3DC50092F741 /* RLShowRoomTests.swift */ = {isa = PBXFileReference; lastKnownFileType = sourcecode.swift; path = RLShowRoomTests.swift; sourceTree = "<group>"; };
		69E8C7E01D8C3DC50092F741 /* Info.plist */ = {isa = PBXFileReference; lastKnownFileType = text.plist.xml; path = Info.plist; sourceTree = "<group>"; };
		69E8C7E91D8C3E070092F741 /* ru */ = {isa = PBXFileReference; lastKnownFileType = text.plist.strings; name = ru; path = ru.lproj/Main.strings; sourceTree = "<group>"; };
		69E8C7EA1D8C3E070092F741 /* ru */ = {isa = PBXFileReference; lastKnownFileType = text.plist.strings; name = ru; path = ru.lproj/LaunchScreen.strings; sourceTree = "<group>"; };
		69E8C7EB1D8C3E100092F741 /* uk */ = {isa = PBXFileReference; lastKnownFileType = text.plist.strings; name = uk; path = uk.lproj/Main.strings; sourceTree = "<group>"; };
		69E8C7EC1D8C3E100092F741 /* uk */ = {isa = PBXFileReference; lastKnownFileType = text.plist.strings; name = uk; path = uk.lproj/LaunchScreen.strings; sourceTree = "<group>"; };
		69FEF8981D963DE400B4E742 /* Exo2-BlackCondensed.otf */ = {isa = PBXFileReference; lastKnownFileType = file; path = "Exo2-BlackCondensed.otf"; sourceTree = "<group>"; };
		69FEF8991D963DFF00B4E742 /* Exo2-BlackCondensed.otf */ = {isa = PBXFileReference; lastKnownFileType = file; path = "Exo2-BlackCondensed.otf"; sourceTree = "<group>"; };
		69FEF89A1D963DFF00B4E742 /* Exo2-BlackExpanded.otf */ = {isa = PBXFileReference; lastKnownFileType = file; path = "Exo2-BlackExpanded.otf"; sourceTree = "<group>"; };
		69FEF89B1D963DFF00B4E742 /* Exo2-BoldCondensed.otf */ = {isa = PBXFileReference; lastKnownFileType = file; path = "Exo2-BoldCondensed.otf"; sourceTree = "<group>"; };
		69FEF89C1D963DFF00B4E742 /* Exo2-BoldExpanded.otf */ = {isa = PBXFileReference; lastKnownFileType = file; path = "Exo2-BoldExpanded.otf"; sourceTree = "<group>"; };
		69FEF89D1D963DFF00B4E742 /* Exo2-ExtraBoldCondensed.otf */ = {isa = PBXFileReference; lastKnownFileType = file; path = "Exo2-ExtraBoldCondensed.otf"; sourceTree = "<group>"; };
		69FEF89E1D963DFF00B4E742 /* Exo2-ExtraBoldExpanded.otf */ = {isa = PBXFileReference; lastKnownFileType = file; path = "Exo2-ExtraBoldExpanded.otf"; sourceTree = "<group>"; };
		69FEF89F1D963DFF00B4E742 /* Exo2-ExtraLightCondensed.otf */ = {isa = PBXFileReference; lastKnownFileType = file; path = "Exo2-ExtraLightCondensed.otf"; sourceTree = "<group>"; };
		69FEF8A01D963DFF00B4E742 /* Exo2-ExtraLightExpanded.otf */ = {isa = PBXFileReference; lastKnownFileType = file; path = "Exo2-ExtraLightExpanded.otf"; sourceTree = "<group>"; };
		69FEF8A11D963DFF00B4E742 /* Exo2-LightCondensed.otf */ = {isa = PBXFileReference; lastKnownFileType = file; path = "Exo2-LightCondensed.otf"; sourceTree = "<group>"; };
		69FEF8A21D963DFF00B4E742 /* Exo2-LightExpanded.otf */ = {isa = PBXFileReference; lastKnownFileType = file; path = "Exo2-LightExpanded.otf"; sourceTree = "<group>"; };
		69FEF8A31D963DFF00B4E742 /* Exo2-MediumCondensed.otf */ = {isa = PBXFileReference; lastKnownFileType = file; path = "Exo2-MediumCondensed.otf"; sourceTree = "<group>"; };
		69FEF8A41D963DFF00B4E742 /* Exo2-MediumExpanded.otf */ = {isa = PBXFileReference; lastKnownFileType = file; path = "Exo2-MediumExpanded.otf"; sourceTree = "<group>"; };
		69FEF8A51D963DFF00B4E742 /* Exo2-RegularCondensed.otf */ = {isa = PBXFileReference; lastKnownFileType = file; path = "Exo2-RegularCondensed.otf"; sourceTree = "<group>"; };
		69FEF8A61D963DFF00B4E742 /* Exo2-RegularExpanded.otf */ = {isa = PBXFileReference; lastKnownFileType = file; path = "Exo2-RegularExpanded.otf"; sourceTree = "<group>"; };
		69FEF8A71D963DFF00B4E742 /* Exo2-SemiBoldCondensed.otf */ = {isa = PBXFileReference; lastKnownFileType = file; path = "Exo2-SemiBoldCondensed.otf"; sourceTree = "<group>"; };
		69FEF8A81D963DFF00B4E742 /* Exo2-SemiBoldExpanded.otf */ = {isa = PBXFileReference; lastKnownFileType = file; path = "Exo2-SemiBoldExpanded.otf"; sourceTree = "<group>"; };
		69FEF8A91D963DFF00B4E742 /* Exo2-ThinCondensed.otf */ = {isa = PBXFileReference; lastKnownFileType = file; path = "Exo2-ThinCondensed.otf"; sourceTree = "<group>"; };
		69FEF8AA1D963DFF00B4E742 /* Exo2-ThinExpanded.otf */ = {isa = PBXFileReference; lastKnownFileType = file; path = "Exo2-ThinExpanded.otf"; sourceTree = "<group>"; };
		69FEF8AB1D9648DB00B4E742 /* SwiftExtensions.swift */ = {isa = PBXFileReference; fileEncoding = 4; lastKnownFileType = sourcecode.swift; path = SwiftExtensions.swift; sourceTree = "<group>"; };
		82F98E88B1FF45D2106240ED /* Pods-RLShowRoomTests.release.xcconfig */ = {isa = PBXFileReference; includeInIndex = 1; lastKnownFileType = text.xcconfig; name = "Pods-RLShowRoomTests.release.xcconfig"; path = "Pods/Target Support Files/Pods-RLShowRoomTests/Pods-RLShowRoomTests.release.xcconfig"; sourceTree = "<group>"; };
		8B9AEEE64189823C66D4DBEC /* Pods-RLShowRoomTests.debug.xcconfig */ = {isa = PBXFileReference; includeInIndex = 1; lastKnownFileType = text.xcconfig; name = "Pods-RLShowRoomTests.debug.xcconfig"; path = "Pods/Target Support Files/Pods-RLShowRoomTests/Pods-RLShowRoomTests.debug.xcconfig"; sourceTree = "<group>"; };
		DC517E23E8C5CF9C7372F59C /* Pods-RLShowRoom.release.xcconfig */ = {isa = PBXFileReference; includeInIndex = 1; lastKnownFileType = text.xcconfig; name = "Pods-RLShowRoom.release.xcconfig"; path = "Pods/Target Support Files/Pods-RLShowRoom/Pods-RLShowRoom.release.xcconfig"; sourceTree = "<group>"; };
		EEB559EA5060C5D622359D9D /* Pods_RLShowRoom.framework */ = {isa = PBXFileReference; explicitFileType = wrapper.framework; includeInIndex = 0; path = Pods_RLShowRoom.framework; sourceTree = BUILT_PRODUCTS_DIR; };
/* End PBXFileReference section */

/* Begin PBXFrameworksBuildPhase section */
		69E8C7C31D8C3DC50092F741 /* Frameworks */ = {
			isa = PBXFrameworksBuildPhase;
			buildActionMask = 2147483647;
			files = (
				698C25EC1D97A3FD008F9437 /* AddressBook.framework in Frameworks */,
				698C25EA1D97A3F3008F9437 /* SystemConfiguration.framework in Frameworks */,
				698C25E81D97A3E8008F9437 /* StoreKit.framework in Frameworks */,
				60A26EF4CCD99E2F84E6BC2C /* Pods_RLShowRoom.framework in Frameworks */,
			);
			runOnlyForDeploymentPostprocessing = 0;
		};
		69E8C7D71D8C3DC50092F741 /* Frameworks */ = {
			isa = PBXFrameworksBuildPhase;
			buildActionMask = 2147483647;
			files = (
				755A1554B84BD2F970FBFBDE /* Pods_RLShowRoomTests.framework in Frameworks */,
			);
			runOnlyForDeploymentPostprocessing = 0;
		};
/* End PBXFrameworksBuildPhase section */

/* Begin PBXGroup section */
		30EC67B25CAC140CD6A88552 /* Pods */ = {
			isa = PBXGroup;
			children = (
				30AB5384D4CB3D1B92488911 /* Pods-RLShowRoom.debug.xcconfig */,
				DC517E23E8C5CF9C7372F59C /* Pods-RLShowRoom.release.xcconfig */,
				8B9AEEE64189823C66D4DBEC /* Pods-RLShowRoomTests.debug.xcconfig */,
				82F98E88B1FF45D2106240ED /* Pods-RLShowRoomTests.release.xcconfig */,
			);
			name = Pods;
			sourceTree = "<group>";
		};
		691B578C1D907A130033F812 /* Utils */ = {
			isa = PBXGroup;
			children = (
				69FEF8AB1D9648DB00B4E742 /* SwiftExtensions.swift */,
			);
			name = Utils;
			sourceTree = "<group>";
		};
		691B578D1D907A260033F812 /* Resources */ = {
			isa = PBXGroup;
			children = (
				69B792591D9A91AC007D6DF4 /* GoogleService-Info.plist */,
				69198A731D984C5E0031C25C /* RadioLine CRM-0f6c545de261.json */,
				69FEF8971D963D5B00B4E742 /* Fonts */,
				69E8C7D51D8C3DC50092F741 /* Info.plist */,
				69E8C7D01D8C3DC50092F741 /* Assets.xcassets */,
			);
			name = Resources;
			sourceTree = "<group>";
		};
		691B578E1D907A450033F812 /* Model */ = {
			isa = PBXGroup;
			children = (
			);
			name = Model;
			sourceTree = "<group>";
		};
		691B578F1D907A4D0033F812 /* Controller */ = {
			isa = PBXGroup;
			children = (
				69E8C7CB1D8C3DC50092F741 /* LoginViewController.swift */,
			);
			name = Controller;
			sourceTree = "<group>";
		};
		691B57901D907A680033F812 /* View */ = {
			isa = PBXGroup;
			children = (
				69E8C7D21D8C3DC50092F741 /* LaunchScreen.storyboard */,
				69E8C7CD1D8C3DC50092F741 /* Main.storyboard */,
			);
			name = View;
			sourceTree = "<group>";
		};
		69E8C7BD1D8C3DC50092F741 = {
			isa = PBXGroup;
			children = (
				69E8C7C81D8C3DC50092F741 /* RLShowRoom */,
				69E8C7DD1D8C3DC50092F741 /* RLShowRoomTests */,
				69E8C7C71D8C3DC50092F741 /* Products */,
				30EC67B25CAC140CD6A88552 /* Pods */,
				7BE9705047E219E64378DD7D /* Frameworks */,
			);
			sourceTree = "<group>";
		};
		69E8C7C71D8C3DC50092F741 /* Products */ = {
			isa = PBXGroup;
			children = (
				69E8C7C61D8C3DC50092F741 /* RLShowRoom.app */,
				69E8C7DA1D8C3DC50092F741 /* RLShowRoomTests.xctest */,
			);
			name = Products;
			sourceTree = "<group>";
		};
		69E8C7C81D8C3DC50092F741 /* RLShowRoom */ = {
			isa = PBXGroup;
			children = (
				69B792541D993F15007D6DF4 /* RLShowRoom.entitlements */,
				691B57901D907A680033F812 /* View */,
				691B578F1D907A4D0033F812 /* Controller */,
				691B578E1D907A450033F812 /* Model */,
				691B578D1D907A260033F812 /* Resources */,
				691B578C1D907A130033F812 /* Utils */,
				69E8C7C91D8C3DC50092F741 /* AppDelegate.swift */,
				698C25E61D97A0BA008F9437 /* RLShowRoom-Bridging-Header.h */,
			);
			path = RLShowRoom;
			sourceTree = "<group>";
		};
		69E8C7DD1D8C3DC50092F741 /* RLShowRoomTests */ = {
			isa = PBXGroup;
			children = (
				69E8C7DE1D8C3DC50092F741 /* RLShowRoomTests.swift */,
				69E8C7E01D8C3DC50092F741 /* Info.plist */,
			);
			path = RLShowRoomTests;
			sourceTree = "<group>";
		};
		69FEF8971D963D5B00B4E742 /* Fonts */ = {
			isa = PBXGroup;
			children = (
				69B792571D9A919E007D6DF4 /* GoogleService-Info.plist */,
				69FEF8991D963DFF00B4E742 /* Exo2-BlackCondensed.otf */,
				69FEF89A1D963DFF00B4E742 /* Exo2-BlackExpanded.otf */,
				69FEF89B1D963DFF00B4E742 /* Exo2-BoldCondensed.otf */,
				69FEF89C1D963DFF00B4E742 /* Exo2-BoldExpanded.otf */,
				69FEF89D1D963DFF00B4E742 /* Exo2-ExtraBoldCondensed.otf */,
				69FEF89E1D963DFF00B4E742 /* Exo2-ExtraBoldExpanded.otf */,
				69FEF89F1D963DFF00B4E742 /* Exo2-ExtraLightCondensed.otf */,
				69FEF8A01D963DFF00B4E742 /* Exo2-ExtraLightExpanded.otf */,
				69FEF8A11D963DFF00B4E742 /* Exo2-LightCondensed.otf */,
				69FEF8A21D963DFF00B4E742 /* Exo2-LightExpanded.otf */,
				69FEF8A31D963DFF00B4E742 /* Exo2-MediumCondensed.otf */,
				69FEF8A41D963DFF00B4E742 /* Exo2-MediumExpanded.otf */,
				69FEF8A51D963DFF00B4E742 /* Exo2-RegularCondensed.otf */,
				69FEF8A61D963DFF00B4E742 /* Exo2-RegularExpanded.otf */,
				69FEF8A71D963DFF00B4E742 /* Exo2-SemiBoldCondensed.otf */,
				69FEF8A81D963DFF00B4E742 /* Exo2-SemiBoldExpanded.otf */,
				69FEF8A91D963DFF00B4E742 /* Exo2-ThinCondensed.otf */,
				69FEF8AA1D963DFF00B4E742 /* Exo2-ThinExpanded.otf */,
				6978CE641D955CB700ED0E9A /* Exo2-ThinCondensed.otf */,
				69FEF8981D963DE400B4E742 /* Exo2-BlackCondensed.otf */,
			);
			name = Fonts;
			sourceTree = "<group>";
		};
		7BE9705047E219E64378DD7D /* Frameworks */ = {
			isa = PBXGroup;
			children = (
				69198A6F1D9842DE0031C25C /* FBSDKCoreKit.framework */,
				69198A701D9842DE0031C25C /* FBSDKLoginKit.framework */,
				698C25EB1D97A3FD008F9437 /* AddressBook.framework */,
				698C25E91D97A3F3008F9437 /* SystemConfiguration.framework */,
				698C25E71D97A3E8008F9437 /* StoreKit.framework */,
				EEB559EA5060C5D622359D9D /* Pods_RLShowRoom.framework */,
				5DB0371E62AB7D64A00CEB65 /* Pods_RLShowRoomTests.framework */,
			);
			name = Frameworks;
			sourceTree = "<group>";
		};
/* End PBXGroup section */

/* Begin PBXNativeTarget section */
		69E8C7C51D8C3DC50092F741 /* RLShowRoom */ = {
			isa = PBXNativeTarget;
			buildConfigurationList = 69E8C7E31D8C3DC50092F741 /* Build configuration list for PBXNativeTarget "RLShowRoom" */;
			buildPhases = (
				6F1099A0AD5FD18BBFB37692 /* [CP] Check Pods Manifest.lock */,
				69E8C7C21D8C3DC50092F741 /* Sources */,
				69E8C7C31D8C3DC50092F741 /* Frameworks */,
				69E8C7C41D8C3DC50092F741 /* Resources */,
				20480B32A152781B40C975C3 /* [CP] Embed Pods Frameworks */,
				7346C2097AC79B071E90F9A3 /* [CP] Copy Pods Resources */,
				69198A751D984CC80031C25C /* ShellScript */,
			);
			buildRules = (
			);
			dependencies = (
			);
			name = RLShowRoom;
			productName = RLShowRoom;
			productReference = 69E8C7C61D8C3DC50092F741 /* RLShowRoom.app */;
			productType = "com.apple.product-type.application";
		};
		69E8C7D91D8C3DC50092F741 /* RLShowRoomTests */ = {
			isa = PBXNativeTarget;
			buildConfigurationList = 69E8C7E61D8C3DC50092F741 /* Build configuration list for PBXNativeTarget "RLShowRoomTests" */;
			buildPhases = (
				07630C0172E607F747AE0BCC /* [CP] Check Pods Manifest.lock */,
				69E8C7D61D8C3DC50092F741 /* Sources */,
				69E8C7D71D8C3DC50092F741 /* Frameworks */,
				69E8C7D81D8C3DC50092F741 /* Resources */,
				84B286184FAB8F28F84D5553 /* [CP] Embed Pods Frameworks */,
				F48F76E2C707E488F975E28A /* [CP] Copy Pods Resources */,
			);
			buildRules = (
			);
			dependencies = (
				69E8C7DC1D8C3DC50092F741 /* PBXTargetDependency */,
			);
			name = RLShowRoomTests;
			productName = RLShowRoomTests;
			productReference = 69E8C7DA1D8C3DC50092F741 /* RLShowRoomTests.xctest */;
			productType = "com.apple.product-type.bundle.unit-test";
		};
/* End PBXNativeTarget section */

/* Begin PBXProject section */
		69E8C7BE1D8C3DC50092F741 /* Project object */ = {
			isa = PBXProject;
			attributes = {
				LastSwiftUpdateCheck = 0800;
				LastUpgradeCheck = 0800;
				ORGANIZATIONNAME = "Mykola Diachok";
				TargetAttributes = {
					69E8C7C51D8C3DC50092F741 = {
						CreatedOnToolsVersion = 8.0;
						DevelopmentTeam = AG964J5992;
						ProvisioningStyle = Automatic;
						SystemCapabilities = {
							com.apple.Keychain = {
								enabled = 1;
							};
						};
					};
					69E8C7D91D8C3DC50092F741 = {
						CreatedOnToolsVersion = 8.0;
						ProvisioningStyle = Automatic;
						TestTargetID = 69E8C7C51D8C3DC50092F741;
					};
				};
			};
			buildConfigurationList = 69E8C7C11D8C3DC50092F741 /* Build configuration list for PBXProject "RLShowRoom" */;
			compatibilityVersion = "Xcode 3.2";
			developmentRegion = English;
			hasScannedForEncodings = 0;
			knownRegions = (
				en,
				Base,
			);
			mainGroup = 69E8C7BD1D8C3DC50092F741;
			productRefGroup = 69E8C7C71D8C3DC50092F741 /* Products */;
			projectDirPath = "";
			projectRoot = "";
			targets = (
				69E8C7C51D8C3DC50092F741 /* RLShowRoom */,
				69E8C7D91D8C3DC50092F741 /* RLShowRoomTests */,
			);
		};
/* End PBXProject section */

/* Begin PBXResourcesBuildPhase section */
		69E8C7C41D8C3DC50092F741 /* Resources */ = {
			isa = PBXResourcesBuildPhase;
			buildActionMask = 2147483647;
			files = (
				69FEF8AD1D9677AE00B4E742 /* Exo2-BlackCondensed.otf in Resources */,
				69FEF8AE1D9677AE00B4E742 /* Exo2-BlackExpanded.otf in Resources */,
				69B7925A1D9A91AC007D6DF4 /* GoogleService-Info.plist in Resources */,
				69FEF8AF1D9677AE00B4E742 /* Exo2-BoldCondensed.otf in Resources */,
				69FEF8B01D9677AE00B4E742 /* Exo2-BoldExpanded.otf in Resources */,
				69198A741D984C5E0031C25C /* RadioLine CRM-0f6c545de261.json in Resources */,
				69FEF8B11D9677AE00B4E742 /* Exo2-ExtraBoldCondensed.otf in Resources */,
				69FEF8B21D9677AE00B4E742 /* Exo2-ExtraBoldExpanded.otf in Resources */,
				69FEF8B31D9677AE00B4E742 /* Exo2-ExtraLightCondensed.otf in Resources */,
				69FEF8B41D9677AE00B4E742 /* Exo2-ExtraLightExpanded.otf in Resources */,
				69FEF8B51D9677AE00B4E742 /* Exo2-LightCondensed.otf in Resources */,
				69FEF8B61D9677AE00B4E742 /* Exo2-LightExpanded.otf in Resources */,
				69FEF8B71D9677AE00B4E742 /* Exo2-MediumCondensed.otf in Resources */,
				69FEF8B81D9677AE00B4E742 /* Exo2-MediumExpanded.otf in Resources */,
				69FEF8B91D9677AE00B4E742 /* Exo2-RegularCondensed.otf in Resources */,
				69FEF8BA1D9677AE00B4E742 /* Exo2-RegularExpanded.otf in Resources */,
				69FEF8BB1D9677AE00B4E742 /* Exo2-SemiBoldCondensed.otf in Resources */,
				69FEF8BC1D9677AE00B4E742 /* Exo2-SemiBoldExpanded.otf in Resources */,
				69B792581D9A919E007D6DF4 /* GoogleService-Info.plist in Resources */,
				6978CE651D955D3A00ED0E9A /* Exo2-ThinCondensed.otf in Resources */,
				69FEF8BD1D9677AE00B4E742 /* Exo2-ThinExpanded.otf in Resources */,
				69FEF8BE1D9677AE00B4E742 /* Exo2-BlackCondensed.otf in Resources */,
				69E8C7D41D8C3DC50092F741 /* LaunchScreen.storyboard in Resources */,
				69E8C7D11D8C3DC50092F741 /* Assets.xcassets in Resources */,
				69E8C7CF1D8C3DC50092F741 /* Main.storyboard in Resources */,
			);
			runOnlyForDeploymentPostprocessing = 0;
		};
		69E8C7D81D8C3DC50092F741 /* Resources */ = {
			isa = PBXResourcesBuildPhase;
			buildActionMask = 2147483647;
			files = (
			);
			runOnlyForDeploymentPostprocessing = 0;
		};
/* End PBXResourcesBuildPhase section */

/* Begin PBXShellScriptBuildPhase section */
		07630C0172E607F747AE0BCC /* [CP] Check Pods Manifest.lock */ = {
			isa = PBXShellScriptBuildPhase;
			buildActionMask = 2147483647;
			files = (
			);
			inputPaths = (
			);
			name = "[CP] Check Pods Manifest.lock";
			outputPaths = (
			);
			runOnlyForDeploymentPostprocessing = 0;
			shellPath = /bin/sh;
			shellScript = "diff \"${PODS_ROOT}/../Podfile.lock\" \"${PODS_ROOT}/Manifest.lock\" > /dev/null\nif [[ $? != 0 ]] ; then\n    cat << EOM\nerror: The sandbox is not in sync with the Podfile.lock. Run 'pod install' or update your CocoaPods installation.\nEOM\n    exit 1\nfi\n";
			showEnvVarsInLog = 0;
		};
		20480B32A152781B40C975C3 /* [CP] Embed Pods Frameworks */ = {
			isa = PBXShellScriptBuildPhase;
			buildActionMask = 2147483647;
			files = (
			);
			inputPaths = (
			);
			name = "[CP] Embed Pods Frameworks";
			outputPaths = (
			);
			runOnlyForDeploymentPostprocessing = 0;
			shellPath = /bin/sh;
			shellScript = "\"${SRCROOT}/Pods/Target Support Files/Pods-RLShowRoom/Pods-RLShowRoom-frameworks.sh\"\n";
			showEnvVarsInLog = 0;
		};
		69198A751D984CC80031C25C /* ShellScript */ = {
			isa = PBXShellScriptBuildPhase;
			buildActionMask = 8;
			files = (
			);
			inputPaths = (
			);
			outputPaths = (
			);
			runOnlyForDeploymentPostprocessing = 1;
			shellPath = /bin/sh;
			shellScript = "GOOGLE_APP_ID=1:295016348406:ios:26bea937172234a3\n\n# Replace the /Path/To/ServiceAccount.json with the path to the key you just downloaded\n\"${PODS_ROOT}\"/FirebaseCrash/upload-sym \"/RLShowRoom/RadioLine CRM-0f6c545de261\"";
		};
		6F1099A0AD5FD18BBFB37692 /* [CP] Check Pods Manifest.lock */ = {
			isa = PBXShellScriptBuildPhase;
			buildActionMask = 2147483647;
			files = (
			);
			inputPaths = (
			);
			name = "[CP] Check Pods Manifest.lock";
			outputPaths = (
			);
			runOnlyForDeploymentPostprocessing = 0;
			shellPath = /bin/sh;
			shellScript = "diff \"${PODS_ROOT}/../Podfile.lock\" \"${PODS_ROOT}/Manifest.lock\" > /dev/null\nif [[ $? != 0 ]] ; then\n    cat << EOM\nerror: The sandbox is not in sync with the Podfile.lock. Run 'pod install' or update your CocoaPods installation.\nEOM\n    exit 1\nfi\n";
			showEnvVarsInLog = 0;
		};
		7346C2097AC79B071E90F9A3 /* [CP] Copy Pods Resources */ = {
			isa = PBXShellScriptBuildPhase;
			buildActionMask = 2147483647;
			files = (
			);
			inputPaths = (
			);
			name = "[CP] Copy Pods Resources";
			outputPaths = (
			);
			runOnlyForDeploymentPostprocessing = 0;
			shellPath = /bin/sh;
			shellScript = "\"${SRCROOT}/Pods/Target Support Files/Pods-RLShowRoom/Pods-RLShowRoom-resources.sh\"\n";
			showEnvVarsInLog = 0;
		};
		84B286184FAB8F28F84D5553 /* [CP] Embed Pods Frameworks */ = {
			isa = PBXShellScriptBuildPhase;
			buildActionMask = 2147483647;
			files = (
			);
			inputPaths = (
			);
			name = "[CP] Embed Pods Frameworks";
			outputPaths = (
			);
			runOnlyForDeploymentPostprocessing = 0;
			shellPath = /bin/sh;
			shellScript = "\"${SRCROOT}/Pods/Target Support Files/Pods-RLShowRoomTests/Pods-RLShowRoomTests-frameworks.sh\"\n";
			showEnvVarsInLog = 0;
		};
		F48F76E2C707E488F975E28A /* [CP] Copy Pods Resources */ = {
			isa = PBXShellScriptBuildPhase;
			buildActionMask = 2147483647;
			files = (
			);
			inputPaths = (
			);
			name = "[CP] Copy Pods Resources";
			outputPaths = (
			);
			runOnlyForDeploymentPostprocessing = 0;
			shellPath = /bin/sh;
			shellScript = "\"${SRCROOT}/Pods/Target Support Files/Pods-RLShowRoomTests/Pods-RLShowRoomTests-resources.sh\"\n";
			showEnvVarsInLog = 0;
		};
/* End PBXShellScriptBuildPhase section */

/* Begin PBXSourcesBuildPhase section */
		69E8C7C21D8C3DC50092F741 /* Sources */ = {
			isa = PBXSourcesBuildPhase;
			buildActionMask = 2147483647;
			files = (
				69E8C7CC1D8C3DC50092F741 /* LoginViewController.swift in Sources */,
				69E8C7CA1D8C3DC50092F741 /* AppDelegate.swift in Sources */,
				69FEF8AC1D9648DB00B4E742 /* SwiftExtensions.swift in Sources */,
			);
			runOnlyForDeploymentPostprocessing = 0;
		};
		69E8C7D61D8C3DC50092F741 /* Sources */ = {
			isa = PBXSourcesBuildPhase;
			buildActionMask = 2147483647;
			files = (
				69E8C7DF1D8C3DC50092F741 /* RLShowRoomTests.swift in Sources */,
			);
			runOnlyForDeploymentPostprocessing = 0;
		};
/* End PBXSourcesBuildPhase section */

/* Begin PBXTargetDependency section */
		69E8C7DC1D8C3DC50092F741 /* PBXTargetDependency */ = {
			isa = PBXTargetDependency;
			target = 69E8C7C51D8C3DC50092F741 /* RLShowRoom */;
			targetProxy = 69E8C7DB1D8C3DC50092F741 /* PBXContainerItemProxy */;
		};
/* End PBXTargetDependency section */

/* Begin PBXVariantGroup section */
		69E8C7CD1D8C3DC50092F741 /* Main.storyboard */ = {
			isa = PBXVariantGroup;
			children = (
				69E8C7CE1D8C3DC50092F741 /* Base */,
				69E8C7E91D8C3E070092F741 /* ru */,
				69E8C7EB1D8C3E100092F741 /* uk */,
			);
			name = Main.storyboard;
			sourceTree = "<group>";
		};
		69E8C7D21D8C3DC50092F741 /* LaunchScreen.storyboard */ = {
			isa = PBXVariantGroup;
			children = (
				69E8C7D31D8C3DC50092F741 /* Base */,
				69E8C7EA1D8C3E070092F741 /* ru */,
				69E8C7EC1D8C3E100092F741 /* uk */,
			);
			name = LaunchScreen.storyboard;
			sourceTree = "<group>";
		};
/* End PBXVariantGroup section */

/* Begin XCBuildConfiguration section */
		69E8C7E11D8C3DC50092F741 /* Debug */ = {
			isa = XCBuildConfiguration;
			buildSettings = {
				ALWAYS_SEARCH_USER_PATHS = NO;
				CLANG_ANALYZER_LOCALIZABILITY_NONLOCALIZED = YES;
				CLANG_ANALYZER_NONNULL = YES;
				CLANG_CXX_LANGUAGE_STANDARD = "gnu++0x";
				CLANG_CXX_LIBRARY = "libc++";
				CLANG_ENABLE_MODULES = YES;
				CLANG_ENABLE_OBJC_ARC = YES;
				CLANG_WARN_BOOL_CONVERSION = YES;
				CLANG_WARN_CONSTANT_CONVERSION = YES;
				CLANG_WARN_DIRECT_OBJC_ISA_USAGE = YES_ERROR;
				CLANG_WARN_DOCUMENTATION_COMMENTS = YES;
				CLANG_WARN_EMPTY_BODY = YES;
				CLANG_WARN_ENUM_CONVERSION = YES;
				CLANG_WARN_INFINITE_RECURSION = YES;
				CLANG_WARN_INT_CONVERSION = YES;
				CLANG_WARN_OBJC_ROOT_CLASS = YES_ERROR;
				CLANG_WARN_SUSPICIOUS_MOVE = YES;
				CLANG_WARN_SUSPICIOUS_MOVES = YES;
				CLANG_WARN_UNREACHABLE_CODE = YES;
				CLANG_WARN__DUPLICATE_METHOD_MATCH = YES;
				"CODE_SIGN_IDENTITY[sdk=iphoneos*]" = "iPhone Developer";
				COPY_PHASE_STRIP = NO;
				DEBUG_INFORMATION_FORMAT = dwarf;
				ENABLE_STRICT_OBJC_MSGSEND = YES;
				ENABLE_TESTABILITY = YES;
				GCC_C_LANGUAGE_STANDARD = gnu99;
				GCC_DYNAMIC_NO_PIC = NO;
				GCC_NO_COMMON_BLOCKS = YES;
				GCC_OPTIMIZATION_LEVEL = 0;
				GCC_PREPROCESSOR_DEFINITIONS = (
					"DEBUG=1",
					"$(inherited)",
				);
				GCC_WARN_64_TO_32_BIT_CONVERSION = YES;
				GCC_WARN_ABOUT_RETURN_TYPE = YES_ERROR;
				GCC_WARN_UNDECLARED_SELECTOR = YES;
				GCC_WARN_UNINITIALIZED_AUTOS = YES_AGGRESSIVE;
				GCC_WARN_UNUSED_FUNCTION = YES;
				GCC_WARN_UNUSED_VARIABLE = YES;
				IPHONEOS_DEPLOYMENT_TARGET = 9.3;
				MTL_ENABLE_DEBUG_INFO = YES;
				ONLY_ACTIVE_ARCH = YES;
				SDKROOT = iphoneos;
				SWIFT_ACTIVE_COMPILATION_CONDITIONS = DEBUG;
				SWIFT_OPTIMIZATION_LEVEL = "-Onone";
				TARGETED_DEVICE_FAMILY = "1,2";
			};
			name = Debug;
		};
		69E8C7E21D8C3DC50092F741 /* Release */ = {
			isa = XCBuildConfiguration;
			buildSettings = {
				ALWAYS_SEARCH_USER_PATHS = NO;
				CLANG_ANALYZER_LOCALIZABILITY_NONLOCALIZED = YES;
				CLANG_ANALYZER_NONNULL = YES;
				CLANG_CXX_LANGUAGE_STANDARD = "gnu++0x";
				CLANG_CXX_LIBRARY = "libc++";
				CLANG_ENABLE_MODULES = YES;
				CLANG_ENABLE_OBJC_ARC = YES;
				CLANG_WARN_BOOL_CONVERSION = YES;
				CLANG_WARN_CONSTANT_CONVERSION = YES;
				CLANG_WARN_DIRECT_OBJC_ISA_USAGE = YES_ERROR;
				CLANG_WARN_DOCUMENTATION_COMMENTS = YES;
				CLANG_WARN_EMPTY_BODY = YES;
				CLANG_WARN_ENUM_CONVERSION = YES;
				CLANG_WARN_INFINITE_RECURSION = YES;
				CLANG_WARN_INT_CONVERSION = YES;
				CLANG_WARN_OBJC_ROOT_CLASS = YES_ERROR;
				CLANG_WARN_SUSPICIOUS_MOVE = YES;
				CLANG_WARN_SUSPICIOUS_MOVES = YES;
				CLANG_WARN_UNREACHABLE_CODE = YES;
				CLANG_WARN__DUPLICATE_METHOD_MATCH = YES;
				"CODE_SIGN_IDENTITY[sdk=iphoneos*]" = "iPhone Developer";
				COPY_PHASE_STRIP = NO;
				DEBUG_INFORMATION_FORMAT = "dwarf-with-dsym";
				ENABLE_NS_ASSERTIONS = NO;
				ENABLE_STRICT_OBJC_MSGSEND = YES;
				GCC_C_LANGUAGE_STANDARD = gnu99;
				GCC_NO_COMMON_BLOCKS = YES;
				GCC_WARN_64_TO_32_BIT_CONVERSION = YES;
				GCC_WARN_ABOUT_RETURN_TYPE = YES_ERROR;
				GCC_WARN_UNDECLARED_SELECTOR = YES;
				GCC_WARN_UNINITIALIZED_AUTOS = YES_AGGRESSIVE;
				GCC_WARN_UNUSED_FUNCTION = YES;
				GCC_WARN_UNUSED_VARIABLE = YES;
				IPHONEOS_DEPLOYMENT_TARGET = 9.3;
				MTL_ENABLE_DEBUG_INFO = NO;
				SDKROOT = iphoneos;
				SWIFT_OPTIMIZATION_LEVEL = "-Owholemodule";
				TARGETED_DEVICE_FAMILY = "1,2";
				VALIDATE_PRODUCT = YES;
			};
			name = Release;
		};
		69E8C7E41D8C3DC50092F741 /* Debug */ = {
			isa = XCBuildConfiguration;
			baseConfigurationReference = 30AB5384D4CB3D1B92488911 /* Pods-RLShowRoom.debug.xcconfig */;
			buildSettings = {
				ASSETCATALOG_COMPILER_APPICON_NAME = AppIcon;
				CODE_SIGN_ENTITLEMENTS = RLShowRoom/RLShowRoom.entitlements;
				DEVELOPMENT_TEAM = AG964J5992;
				FRAMEWORK_SEARCH_PATHS = (
					"$(inherited)",
					"$(PROJECT_DIR)/build/Debug-iphoneos/FBSDKCoreKit",
					"$(PROJECT_DIR)/build/Debug-iphoneos/FBSDKLoginKit",
				);
				INFOPLIST_FILE = RLShowRoom/Info.plist;
				LD_RUNPATH_SEARCH_PATHS = "$(inherited) @executable_path/Frameworks";
				PRODUCT_BUNDLE_IDENTIFIER = ua.diachok.RLShowRoom;
				PRODUCT_NAME = "$(TARGET_NAME)";
				SWIFT_OBJC_BRIDGING_HEADER = "RLShowRoom/RLShowRoom-Bridging-Header.h";
				SWIFT_VERSION = 3.0;
			};
			name = Debug;
		};
		69E8C7E51D8C3DC50092F741 /* Release */ = {
			isa = XCBuildConfiguration;
			baseConfigurationReference = DC517E23E8C5CF9C7372F59C /* Pods-RLShowRoom.release.xcconfig */;
			buildSettings = {
				ASSETCATALOG_COMPILER_APPICON_NAME = AppIcon;
				CODE_SIGN_ENTITLEMENTS = RLShowRoom/RLShowRoom.entitlements;
				DEVELOPMENT_TEAM = AG964J5992;
				FRAMEWORK_SEARCH_PATHS = (
					"$(inherited)",
					"$(PROJECT_DIR)/build/Debug-iphoneos/FBSDKCoreKit",
					"$(PROJECT_DIR)/build/Debug-iphoneos/FBSDKLoginKit",
				);
				INFOPLIST_FILE = RLShowRoom/Info.plist;
				LD_RUNPATH_SEARCH_PATHS = "$(inherited) @executable_path/Frameworks";
				PRODUCT_BUNDLE_IDENTIFIER = ua.diachok.RLShowRoom;
				PRODUCT_NAME = "$(TARGET_NAME)";
				SWIFT_OBJC_BRIDGING_HEADER = "RLShowRoom/RLShowRoom-Bridging-Header.h";
				SWIFT_VERSION = 3.0;
			};
			name = Release;
		};
		69E8C7E71D8C3DC50092F741 /* Debug */ = {
			isa = XCBuildConfiguration;
			baseConfigurationReference = 8B9AEEE64189823C66D4DBEC /* Pods-RLShowRoomTests.debug.xcconfig */;
			buildSettings = {
				ALWAYS_EMBED_SWIFT_STANDARD_LIBRARIES = YES;
				BUNDLE_LOADER = "$(TEST_HOST)";
				INFOPLIST_FILE = RLShowRoomTests/Info.plist;
				LD_RUNPATH_SEARCH_PATHS = "$(inherited) @executable_path/Frameworks @loader_path/Frameworks";
				PRODUCT_BUNDLE_IDENTIFIER = ua.diachok.RLShowRoomTests;
				PRODUCT_NAME = "$(TARGET_NAME)";
				SWIFT_VERSION = 3.0;
				TEST_HOST = "$(BUILT_PRODUCTS_DIR)/RLShowRoom.app/RLShowRoom";
			};
			name = Debug;
		};
		69E8C7E81D8C3DC50092F741 /* Release */ = {
			isa = XCBuildConfiguration;
			baseConfigurationReference = 82F98E88B1FF45D2106240ED /* Pods-RLShowRoomTests.release.xcconfig */;
			buildSettings = {
				ALWAYS_EMBED_SWIFT_STANDARD_LIBRARIES = YES;
				BUNDLE_LOADER = "$(TEST_HOST)";
				INFOPLIST_FILE = RLShowRoomTests/Info.plist;
				LD_RUNPATH_SEARCH_PATHS = "$(inherited) @executable_path/Frameworks @loader_path/Frameworks";
				PRODUCT_BUNDLE_IDENTIFIER = ua.diachok.RLShowRoomTests;
				PRODUCT_NAME = "$(TARGET_NAME)";
				SWIFT_VERSION = 3.0;
				TEST_HOST = "$(BUILT_PRODUCTS_DIR)/RLShowRoom.app/RLShowRoom";
			};
			name = Release;
		};
/* End XCBuildConfiguration section */

/* Begin XCConfigurationList section */
		69E8C7C11D8C3DC50092F741 /* Build configuration list for PBXProject "RLShowRoom" */ = {
			isa = XCConfigurationList;
			buildConfigurations = (
				69E8C7E11D8C3DC50092F741 /* Debug */,
				69E8C7E21D8C3DC50092F741 /* Release */,
			);
			defaultConfigurationIsVisible = 0;
			defaultConfigurationName = Debug;
		};
		69E8C7E31D8C3DC50092F741 /* Build configuration list for PBXNativeTarget "RLShowRoom" */ = {
			isa = XCConfigurationList;
			buildConfigurations = (
				69E8C7E41D8C3DC50092F741 /* Debug */,
				69E8C7E51D8C3DC50092F741 /* Release */,
			);
			defaultConfigurationIsVisible = 0;
			defaultConfigurationName = Debug;
		};
		69E8C7E61D8C3DC50092F741 /* Build configuration list for PBXNativeTarget "RLShowRoomTests" */ = {
			isa = XCConfigurationList;
			buildConfigurations = (
				69E8C7E71D8C3DC50092F741 /* Debug */,
				69E8C7E81D8C3DC50092F741 /* Release */,
			);
			defaultConfigurationIsVisible = 0;
			defaultConfigurationName = Debug;
		};
/* End XCConfigurationList section */
	};
	rootObject = 69E8C7BE1D8C3DC50092F741 /* Project object */;
}
